
Microsoft Visual Studio Solution File, Format Version 12.00
# Visual Studio Version 17
VisualStudioVersion = 17.6.33723.286
MinimumVisualStudioVersion = 10.0.40219.1
Project("{9A19103F-16F7-4668-BE54-9A1E7A4F7556}") = "Ogre", "Ogre\Ogre.csproj", "{C66C64FB-7654-44E1-9D5D-A8921FC9491B}"
EndProject
Project("{FAE04EC0-301F-11D3-BF4B-00C04F79EFBC}") = "OgreTests", "OgreTests\OgreTests.csproj", "{208F8697-8AEE-48BE-9711-819DCB10D07A}"
EndProject
Global
	GlobalSection(SolutionConfigurationPlatforms) = preSolution
		Debug|Any CPU = Debug|Any CPU
		Release|Any CPU = Release|Any CPU
	EndGlobalSection
	GlobalSection(ProjectConfigurationPlatforms) = postSolution
		{C66C64FB-7654-44E1-9D5D-A8921FC9491B}.Debug|Any CPU.ActiveCfg = Debug|Any CPU
		{C66C64FB-7654-44E1-9D5D-A8921FC9491B}.Debug|Any CPU.Build.0 = Debug|Any CPU
		{C66C64FB-7654-44E1-9D5D-A8921FC9491B}.Release|Any CPU.ActiveCfg = Release|Any CPU
		{C66C64FB-7654-44E1-9D5D-A8921FC9491B}.Release|Any CPU.Build.0 = Release|Any CPU
		{208F8697-8AEE-48BE-9711-819DCB10D07A}.Debug|Any CPU.ActiveCfg = Debug|Any CPU
		{208F8697-8AEE-48BE-9711-819DCB10D07A}.Debug|Any CPU.Build.0 = Debug|Any CPU
		{208F8697-8AEE-48BE-9711-819DCB10D07A}.Release|Any CPU.ActiveCfg = Release|Any CPU
		{208F8697-8AEE-48BE-9711-819DCB10D07A}.Release|Any CPU.Build.0 = Release|Any CPU
	EndGlobalSection
	GlobalSection(SolutionProperties) = preSolution
		HideSolutionNode = FALSE
	EndGlobalSection
	GlobalSection(ExtensibilityGlobals) = postSolution
		SolutionGuid = {826861C9-BA7C-49B7-8813-5EC5CAF80456}
	EndGlobalSection
EndGlobal
